
Microsoft Visual Studio Solution File, Format Version 12.00
# Visual Studio Version 17
VisualStudioVersion = 17.1.32407.343
MinimumVisualStudioVersion = 10.0.40219.1
Project("{FAE04EC0-301F-11D3-BF4B-00C04F79EFBC}") = "ByteBank", "ByteBank\ByteBank.csproj", "{A800D1E7-C7DC-4A47-B87C-58D78D3A230E}"
EndProject
Global
	GlobalSection(SolutionConfigurationPlatforms) = preSolution
		Debug|Any CPU = Debug|Any CPU
		Release|Any CPU = Release|Any CPU
	EndGlobalSection
	GlobalSection(ProjectConfigurationPlatforms) = postSolution
		{A800D1E7-C7DC-4A47-B87C-58D78D3A230E}.Debug|Any CPU.ActiveCfg = Debug|Any CPU
		{A800D1E7-C7DC-4A47-B87C-58D78D3A230E}.Debug|Any CPU.Build.0 = Debug|Any CPU
		{A800D1E7-C7DC-4A47-B87C-58D78D3A230E}.Release|Any CPU.ActiveCfg = Release|Any CPU
		{A800D1E7-C7DC-4A47-B87C-58D78D3A230E}.Release|Any CPU.Build.0 = Release|Any CPU
	EndGlobalSection
	GlobalSection(SolutionProperties) = preSolution
		HideSolutionNode = FALSE
	EndGlobalSection
	GlobalSection(ExtensibilityGlobals) = postSolution
		SolutionGuid = {2BD227CE-0F09-4081-B7D3-F7AF81A5EF03}
	EndGlobalSection
EndGlobal
