
Microsoft Visual Studio Solution File, Format Version 12.00
# Visual Studio Version 17
VisualStudioVersion = 17.1.32407.343
MinimumVisualStudioVersion = 10.0.40219.1
Project("{FAE04EC0-301F-11D3-BF4B-00C04F79EFBC}") = "Testes-OO-Renan", "Testes-OO-Renan\Testes-OO-Renan.csproj", "{08758E32-F24E-4E93-97F6-9B47F1D59261}"
EndProject
Global
	GlobalSection(SolutionConfigurationPlatforms) = preSolution
		Debug|Any CPU = Debug|Any CPU
		Release|Any CPU = Release|Any CPU
	EndGlobalSection
	GlobalSection(ProjectConfigurationPlatforms) = postSolution
		{08758E32-F24E-4E93-97F6-9B47F1D59261}.Debug|Any CPU.ActiveCfg = Debug|Any CPU
		{08758E32-F24E-4E93-97F6-9B47F1D59261}.Debug|Any CPU.Build.0 = Debug|Any CPU
		{08758E32-F24E-4E93-97F6-9B47F1D59261}.Release|Any CPU.ActiveCfg = Release|Any CPU
		{08758E32-F24E-4E93-97F6-9B47F1D59261}.Release|Any CPU.Build.0 = Release|Any CPU
	EndGlobalSection
	GlobalSection(SolutionProperties) = preSolution
		HideSolutionNode = FALSE
	EndGlobalSection
	GlobalSection(ExtensibilityGlobals) = postSolution
		SolutionGuid = {9165693A-CBF7-419C-9AB2-4F731BDC7033}
	EndGlobalSection
EndGlobal
