
Microsoft Visual Studio Solution File, Format Version 12.00
# Visual Studio Version 16
VisualStudioVersion = 16.0.32106.194
MinimumVisualStudioVersion = 10.0.40219.1
Project("{FAE04EC0-301F-11D3-BF4B-00C04F79EFBC}") = "HelloWorld", "HelloWorld\HelloWorld.csproj", "{69169611-DA54-4CCE-8A4D-218418CE8363}"
EndProject
Global
	GlobalSection(SolutionConfigurationPlatforms) = preSolution
		Debug|Any CPU = Debug|Any CPU
		Release|Any CPU = Release|Any CPU
	EndGlobalSection
	GlobalSection(ProjectConfigurationPlatforms) = postSolution
		{69169611-DA54-4CCE-8A4D-218418CE8363}.Debug|Any CPU.ActiveCfg = Debug|Any CPU
		{69169611-DA54-4CCE-8A4D-218418CE8363}.Debug|Any CPU.Build.0 = Debug|Any CPU
		{69169611-DA54-4CCE-8A4D-218418CE8363}.Release|Any CPU.ActiveCfg = Release|Any CPU
		{69169611-DA54-4CCE-8A4D-218418CE8363}.Release|Any CPU.Build.0 = Release|Any CPU
	EndGlobalSection
	GlobalSection(SolutionProperties) = preSolution
		HideSolutionNode = FALSE
	EndGlobalSection
	GlobalSection(ExtensibilityGlobals) = postSolution
		SolutionGuid = {49DC5963-8747-45B9-8E1E-F00A18AF4FF0}
	EndGlobalSection
EndGlobal
